PODS:
  - AFNetworking (1.3.3)
  - InfiniteScroll (0.0.1)
  - LoremPixel (0.0.1):
    - AFNetworking (~> 1.3.3)

DEPENDENCIES:
  - InfiniteScroll (from `../InfiniteScroll.podspec`)
  - LoremPixel

EXTERNAL SOURCES:
  InfiniteScroll:
    :path: ../InfiniteScroll.podspec

SPEC CHECKSUMS:
  AFNetworking: 61fdd49e2ffe6380378df37b3b6e70630bb9dd66
  InfiniteScroll: 1b401dae2eee2e2bab6779f5402db9d5f3189994
  LoremPixel: 354682ead8c478f8af8224d609d912639f4df188

COCOAPODS: 0.29.0
